
Microsoft Visual Studio Solution File, Format Version 12.00
# Visual Studio Version 16
VisualStudioVersion = 16.0.31205.134
MinimumVisualStudioVersion = 10.0.40219.1
Project("{FAE04EC0-301F-11D3-BF4B-00C04F79EFBC}") = "Joggers Problem", "Joggers Problem\Joggers Problem.csproj", "{19C4917D-1977-4C39-906B-F2D5423A32A1}"
EndProject
Global
	GlobalSection(SolutionConfigurationPlatforms) = preSolution
		Debug|Any CPU = Debug|Any CPU
		Release|Any CPU = Release|Any CPU
	EndGlobalSection
	GlobalSection(ProjectConfigurationPlatforms) = postSolution
		{19C4917D-1977-4C39-906B-F2D5423A32A1}.Debug|Any CPU.ActiveCfg = Debug|Any CPU
		{19C4917D-1977-4C39-906B-F2D5423A32A1}.Debug|Any CPU.Build.0 = Debug|Any CPU
		{19C4917D-1977-4C39-906B-F2D5423A32A1}.Release|Any CPU.ActiveCfg = Release|Any CPU
		{19C4917D-1977-4C39-906B-F2D5423A32A1}.Release|Any CPU.Build.0 = Release|Any CPU
	EndGlobalSection
	GlobalSection(SolutionProperties) = preSolution
		HideSolutionNode = FALSE
	EndGlobalSection
	GlobalSection(ExtensibilityGlobals) = postSolution
		SolutionGuid = {1074B63E-FAB1-4C5C-B9A6-54D130F99E1D}
	EndGlobalSection
EndGlobal
